// !$*UTF8*$!
{
	archiveVersion = 1;
	classes = {
	};
	objectVersion = 50;
	objects = {

/* Begin PBXBuildFile section */
		1B605F8E25AF6A40004FD219 /* tutorial_appApp.swift in Sources */ = {isa = PBXBuildFile; fileRef = 1B605F8D25AF6A40004FD219 /* tutorial_appApp.swift */; };
		1B605F9025AF6A40004FD219 /* ContentView.swift in Sources */ = {isa = PBXBuildFile; fileRef = 1B605F8F25AF6A40004FD219 /* ContentView.swift */; };
		1B605F9225AF6A43004FD219 /* Assets.xcassets in Resources */ = {isa = PBXBuildFile; fileRef = 1B605F9125AF6A43004FD219 /* Assets.xcassets */; };
		1B605F9525AF6A43004FD219 /* Preview Assets.xcassets in Resources */ = {isa = PBXBuildFile; fileRef = 1B605F9425AF6A43004FD219 /* Preview Assets.xcassets */; };
		1B605FA025AF6A43004FD219 /* tutorial_appTests.swift in Sources */ = {isa = PBXBuildFile; fileRef = 1B605F9F25AF6A43004FD219 /* tutorial_appTests.swift */; };
		1B605FAB25AF6A43004FD219 /* tutorial_appUITests.swift in Sources */ = {isa = PBXBuildFile; fileRef = 1B605FAA25AF6A43004FD219 /* tutorial_appUITests.swift */; };
/* End PBXBuildFile section */

/* Begin PBXContainerItemProxy section */
		1B605F9C25AF6A43004FD219 /* PBXContainerItemProxy */ = {
			isa = PBXContainerItemProxy;
			containerPortal = 1B605F8225AF6A40004FD219 /* Project object */;
			proxyType = 1;
			remoteGlobalIDString = 1B605F8925AF6A40004FD219;
			remoteInfo = "tutorial-app";
		};
		1B605FA725AF6A43004FD219 /* PBXContainerItemProxy */ = {
			isa = PBXContainerItemProxy;
			containerPortal = 1B605F8225AF6A40004FD219 /* Project object */;
			proxyType = 1;
			remoteGlobalIDString = 1B605F8925AF6A40004FD219;
			remoteInfo = "tutorial-app";
		};
/* End PBXContainerItemProxy section */

/* Begin PBXFileReference section */
		1B605F8A25AF6A40004FD219 /* tutorial-app.app */ = {isa = PBXFileReference; explicitFileType = wrapper.application; includeInIndex = 0; path = "tutorial-app.app"; sourceTree = BUILT_PRODUCTS_DIR; };
		1B605F8D25AF6A40004FD219 /* tutorial_appApp.swift */ = {isa = PBXFileReference; lastKnownFileType = sourcecode.swift; path = tutorial_appApp.swift; sourceTree = "<group>"; };
		1B605F8F25AF6A40004FD219 /* ContentView.swift */ = {isa = PBXFileReference; lastKnownFileType = sourcecode.swift; path = ContentView.swift; sourceTree = "<group>"; };
		1B605F9125AF6A43004FD219 /* Assets.xcassets */ = {isa = PBXFileReference; lastKnownFileType = folder.assetcatalog; path = Assets.xcassets; sourceTree = "<group>"; };
		1B605F9425AF6A43004FD219 /* Preview Assets.xcassets */ = {isa = PBXFileReference; lastKnownFileType = folder.assetcatalog; path = "Preview Assets.xcassets"; sourceTree = "<group>"; };
		1B605F9625AF6A43004FD219 /* Info.plist */ = {isa = PBXFileReference; lastKnownFileType = text.plist.xml; path = Info.plist; sourceTree = "<group>"; };
		1B605F9B25AF6A43004FD219 /* tutorial-appTests.xctest */ = {isa = PBXFileReference; explicitFileType = wrapper.cfbundle; includeInIndex = 0; path = "tutorial-appTests.xctest"; sourceTree = BUILT_PRODUCTS_DIR; };
		1B605F9F25AF6A43004FD219 /* tutorial_appTests.swift */ = {isa = PBXFileReference; lastKnownFileType = sourcecode.swift; path = tutorial_appTests.swift; sourceTree = "<group>"; };
		1B605FA125AF6A43004FD219 /* Info.plist */ = {isa = PBXFileReference; lastKnownFileType = text.plist.xml; path = Info.plist; sourceTree = "<group>"; };
		1B605FA625AF6A43004FD219 /* tutorial-appUITests.xctest */ = {isa = PBXFileReference; explicitFileType = wrapper.cfbundle; includeInIndex = 0; path = "tutorial-appUITests.xctest"; sourceTree = BUILT_PRODUCTS_DIR; };
		1B605FAA25AF6A43004FD219 /* tutorial_appUITests.swift */ = {isa = PBXFileReference; lastKnownFileType = sourcecode.swift; path = tutorial_appUITests.swift; sourceTree = "<group>"; };
		1B605FAC25AF6A43004FD219 /* Info.plist */ = {isa = PBXFileReference; lastKnownFileType = text.plist.xml; path = Info.plist; sourceTree = "<group>"; };
/* End PBXFileReference section */

/* Begin PBXFrameworksBuildPhase section */
		1B605F8725AF6A40004FD219 /* Frameworks */ = {
			isa = PBXFrameworksBuildPhase;
			buildActionMask = 2147483647;
			files = (
			);
			runOnlyForDeploymentPostprocessing = 0;
		};
		1B605F9825AF6A43004FD219 /* Frameworks */ = {
			isa = PBXFrameworksBuildPhase;
			buildActionMask = 2147483647;
			files = (
			);
			runOnlyForDeploymentPostprocessing = 0;
		};
		1B605FA325AF6A43004FD219 /* Frameworks */ = {
			isa = PBXFrameworksBuildPhase;
			buildActionMask = 2147483647;
			files = (
			);
			runOnlyForDeploymentPostprocessing = 0;
		};
/* End PBXFrameworksBuildPhase section */

/* Begin PBXGroup section */
		1B605F8125AF6A40004FD219 = {
			isa = PBXGroup;
			children = (
				1B605F8C25AF6A40004FD219 /* tutorial-app */,
				1B605F9E25AF6A43004FD219 /* tutorial-appTests */,
				1B605FA925AF6A43004FD219 /* tutorial-appUITests */,
				1B605F8B25AF6A40004FD219 /* Products */,
			);
			sourceTree = "<group>";
		};
		1B605F8B25AF6A40004FD219 /* Products */ = {
			isa = PBXGroup;
			children = (
				1B605F8A25AF6A40004FD219 /* tutorial-app.app */,
				1B605F9B25AF6A43004FD219 /* tutorial-appTests.xctest */,
				1B605FA625AF6A43004FD219 /* tutorial-appUITests.xctest */,
			);
			name = Products;
			sourceTree = "<group>";
		};
		1B605F8C25AF6A40004FD219 /* tutorial-app */ = {
			isa = PBXGroup;
			children = (
				1B605F8D25AF6A40004FD219 /* tutorial_appApp.swift */,
				1B605F8F25AF6A40004FD219 /* ContentView.swift */,
				1B605F9125AF6A43004FD219 /* Assets.xcassets */,
				1B605F9625AF6A43004FD219 /* Info.plist */,
				1B605F9325AF6A43004FD219 /* Preview Content */,
			);
			path = "tutorial-app";
			sourceTree = "<group>";
		};
		1B605F9325AF6A43004FD219 /* Preview Content */ = {
			isa = PBXGroup;
			children = (
				1B605F9425AF6A43004FD219 /* Preview Assets.xcassets */,
			);
			path = "Preview Content";
			sourceTree = "<group>";
		};
		1B605F9E25AF6A43004FD219 /* tutorial-appTests */ = {
			isa = PBXGroup;
			children = (
				1B605F9F25AF6A43004FD219 /* tutorial_appTests.swift */,
				1B605FA125AF6A43004FD219 /* Info.plist */,
			);
			path = "tutorial-appTests";
			sourceTree = "<group>";
		};
		1B605FA925AF6A43004FD219 /* tutorial-appUITests */ = {
			isa = PBXGroup;
			children = (
				1B605FAA25AF6A43004FD219 /* tutorial_appUITests.swift */,
				1B605FAC25AF6A43004FD219 /* Info.plist */,
			);
			path = "tutorial-appUITests";
			sourceTree = "<group>";
		};
/* End PBXGroup section */

/* Begin PBXNativeTarget section */
		1B605F8925AF6A40004FD219 /* tutorial-app */ = {
			isa = PBXNativeTarget;
			buildConfigurationList = 1B605FAF25AF6A43004FD219 /* Build configuration list for PBXNativeTarget "tutorial-app" */;
			buildPhases = (
				1B605F8625AF6A40004FD219 /* Sources */,
				1B605F8725AF6A40004FD219 /* Frameworks */,
				1B605F8825AF6A40004FD219 /* Resources */,
			);
			buildRules = (
			);
			dependencies = (
			);
			name = "tutorial-app";
			productName = "tutorial-app";
			productReference = 1B605F8A25AF6A40004FD219 /* tutorial-app.app */;
			productType = "com.apple.product-type.application";
		};
		1B605F9A25AF6A43004FD219 /* tutorial-appTests */ = {
			isa = PBXNativeTarget;
			buildConfigurationList = 1B605FB225AF6A43004FD219 /* Build configuration list for PBXNativeTarget "tutorial-appTests" */;
			buildPhases = (
				1B605F9725AF6A43004FD219 /* Sources */,
				1B605F9825AF6A43004FD219 /* Frameworks */,
				1B605F9925AF6A43004FD219 /* Resources */,
			);
			buildRules = (
			);
			dependencies = (
				1B605F9D25AF6A43004FD219 /* PBXTargetDependency */,
			);
			name = "tutorial-appTests";
			productName = "tutorial-appTests";
			productReference = 1B605F9B25AF6A43004FD219 /* tutorial-appTests.xctest */;
			productType = "com.apple.product-type.bundle.unit-test";
		};
		1B605FA525AF6A43004FD219 /* tutorial-appUITests */ = {
			isa = PBXNativeTarget;
			buildConfigurationList = 1B605FB525AF6A43004FD219 /* Build configuration list for PBXNativeTarget "tutorial-appUITests" */;
			buildPhases = (
				1B605FA225AF6A43004FD219 /* Sources */,
				1B605FA325AF6A43004FD219 /* Frameworks */,
				1B605FA425AF6A43004FD219 /* Resources */,
			);
			buildRules = (
			);
			dependencies = (
				1B605FA825AF6A43004FD219 /* PBXTargetDependency */,
			);
			name = "tutorial-appUITests";
			productName = "tutorial-appUITests";
			productReference = 1B605FA625AF6A43004FD219 /* tutorial-appUITests.xctest */;
			productType = "com.apple.product-type.bundle.ui-testing";
		};
/* End PBXNativeTarget section */

/* Begin PBXProject section */
		1B605F8225AF6A40004FD219 /* Project object */ = {
			isa = PBXProject;
			attributes = {
				LastSwiftUpdateCheck = 1230;
				LastUpgradeCheck = 1230;
				TargetAttributes = {
					1B605F8925AF6A40004FD219 = {
						CreatedOnToolsVersion = 12.3;
					};
					1B605F9A25AF6A43004FD219 = {
						CreatedOnToolsVersion = 12.3;
						TestTargetID = 1B605F8925AF6A40004FD219;
					};
					1B605FA525AF6A43004FD219 = {
						CreatedOnToolsVersion = 12.3;
						TestTargetID = 1B605F8925AF6A40004FD219;
					};
				};
			};
			buildConfigurationList = 1B605F8525AF6A40004FD219 /* Build configuration list for PBXProject "tutorial-app" */;
			compatibilityVersion = "Xcode 9.3";
			developmentRegion = en;
			hasScannedForEncodings = 0;
			knownRegions = (
				en,
				Base,
			);
			mainGroup = 1B605F8125AF6A40004FD219;
			productRefGroup = 1B605F8B25AF6A40004FD219 /* Products */;
			projectDirPath = "";
			projectRoot = "";
			targets = (
				1B605F8925AF6A40004FD219 /* tutorial-app */,
				1B605F9A25AF6A43004FD219 /* tutorial-appTests */,
				1B605FA525AF6A43004FD219 /* tutorial-appUITests */,
			);
		};
/* End PBXProject section */

/* Begin PBXResourcesBuildPhase section */
		1B605F8825AF6A40004FD219 /* Resources */ = {
			isa = PBXResourcesBuildPhase;
			buildActionMask = 2147483647;
			files = (
				1B605F9525AF6A43004FD219 /* Preview Assets.xcassets in Resources */,
				1B605F9225AF6A43004FD219 /* Assets.xcassets in Resources */,
			);
			runOnlyForDeploymentPostprocessing = 0;
		};
		1B605F9925AF6A43004FD219 /* Resources */ = {
			isa = PBXResourcesBuildPhase;
			buildActionMask = 2147483647;
			files = (
			);
			runOnlyForDeploymentPostprocessing = 0;
		};
		1B605FA425AF6A43004FD219 /* Resources */ = {
			isa = PBXResourcesBuildPhase;
			buildActionMask = 2147483647;
			files = (
			);
			runOnlyForDeploymentPostprocessing = 0;
		};
/* End PBXResourcesBuildPhase section */

/* Begin PBXSourcesBuildPhase section */
		1B605F8625AF6A40004FD219 /* Sources */ = {
			isa = PBXSourcesBuildPhase;
			buildActionMask = 2147483647;
			files = (
				1B605F9025AF6A40004FD219 /* ContentView.swift in Sources */,
				1B605F8E25AF6A40004FD219 /* tutorial_appApp.swift in Sources */,
			);
			runOnlyForDeploymentPostprocessing = 0;
		};
		1B605F9725AF6A43004FD219 /* Sources */ = {
			isa = PBXSourcesBuildPhase;
			buildActionMask = 2147483647;
			files = (
				1B605FA025AF6A43004FD219 /* tutorial_appTests.swift in Sources */,
			);
			runOnlyForDeploymentPostprocessing = 0;
		};
		1B605FA225AF6A43004FD219 /* Sources */ = {
			isa = PBXSourcesBuildPhase;
			buildActionMask = 2147483647;
			files = (
				1B605FAB25AF6A43004FD219 /* tutorial_appUITests.swift in Sources */,
			);
			runOnlyForDeploymentPostprocessing = 0;
		};
/* End PBXSourcesBuildPhase section */

/* Begin PBXTargetDependency section */
		1B605F9D25AF6A43004FD219 /* PBXTargetDependency */ = {
			isa = PBXTargetDependency;
			target = 1B605F8925AF6A40004FD219 /* tutorial-app */;
			targetProxy = 1B605F9C25AF6A43004FD219 /* PBXContainerItemProxy */;
		};
		1B605FA825AF6A43004FD219 /* PBXTargetDependency */ = {
			isa = PBXTargetDependency;
			target = 1B605F8925AF6A40004FD219 /* tutorial-app */;
			targetProxy = 1B605FA725AF6A43004FD219 /* PBXContainerItemProxy */;
		};
/* End PBXTargetDependency section */

/* Begin XCBuildConfiguration section */
		1B605FAD25AF6A43004FD219 /* Debug */ = {
			isa = XCBuildConfiguration;
			buildSettings = {
				ALWAYS_SEARCH_USER_PATHS = NO;
				CLANG_ANALYZER_NONNULL = YES;
				CLANG_ANALYZER_NUMBER_OBJECT_CONVERSION = YES_AGGRESSIVE;
				CLANG_CXX_LANGUAGE_STANDARD = "gnu++14";
				CLANG_CXX_LIBRARY = "libc++";
				CLANG_ENABLE_MODULES = YES;
				CLANG_ENABLE_OBJC_ARC = YES;
				CLANG_ENABLE_OBJC_WEAK = YES;
				CLANG_WARN_BLOCK_CAPTURE_AUTORELEASING = YES;
				CLANG_WARN_BOOL_CONVERSION = YES;
				CLANG_WARN_COMMA = YES;
				CLANG_WARN_CONSTANT_CONVERSION = YES;
				CLANG_WARN_DEPRECATED_OBJC_IMPLEMENTATIONS = YES;
				CLANG_WARN_DIRECT_OBJC_ISA_USAGE = YES_ERROR;
				CLANG_WARN_DOCUMENTATION_COMMENTS = YES;
				CLANG_WARN_EMPTY_BODY = YES;
				CLANG_WARN_ENUM_CONVERSION = YES;
				CLANG_WARN_INFINITE_RECURSION = YES;
				CLANG_WARN_INT_CONVERSION = YES;
				CLANG_WARN_NON_LITERAL_NULL_CONVERSION = YES;
				CLANG_WARN_OBJC_IMPLICIT_RETAIN_SELF = YES;
				CLANG_WARN_OBJC_LITERAL_CONVERSION = YES;
				CLANG_WARN_OBJC_ROOT_CLASS = YES_ERROR;
				CLANG_WARN_QUOTED_INCLUDE_IN_FRAMEWORK_HEADER = YES;
				CLANG_WARN_RANGE_LOOP_ANALYSIS = YES;
				CLANG_WARN_STRICT_PROTOTYPES = YES;
				CLANG_WARN_SUSPICIOUS_MOVE = YES;
				CLANG_WARN_UNGUARDED_AVAILABILITY = YES_AGGRESSIVE;
				CLANG_WARN_UNREACHABLE_CODE = YES;
				CLANG_WARN__DUPLICATE_METHOD_MATCH = YES;
				COPY_PHASE_STRIP = NO;
				DEBUG_INFORMATION_FORMAT = dwarf;
				ENABLE_STRICT_OBJC_MSGSEND = YES;
				ENABLE_TESTABILITY = YES;
				GCC_C_LANGUAGE_STANDARD = gnu11;
				GCC_DYNAMIC_NO_PIC = NO;
				GCC_NO_COMMON_BLOCKS = YES;
				GCC_OPTIMIZATION_LEVEL = 0;
				GCC_PREPROCESSOR_DEFINITIONS = (
					"DEBUG=1",
					"$(inherited)",
				);
				GCC_WARN_64_TO_32_BIT_CONVERSION = YES;
				GCC_WARN_ABOUT_RETURN_TYPE = YES_ERROR;
				GCC_WARN_UNDECLARED_SELECTOR = YES;
				GCC_WARN_UNINITIALIZED_AUTOS = YES_AGGRESSIVE;
				GCC_WARN_UNUSED_FUNCTION = YES;
				GCC_WARN_UNUSED_VARIABLE = YES;
				IPHONEOS_DEPLOYMENT_TARGET = 14.3;
				MTL_ENABLE_DEBUG_INFO = INCLUDE_SOURCE;
				MTL_FAST_MATH = YES;
				ONLY_ACTIVE_ARCH = YES;
				SDKROOT = iphoneos;
				SWIFT_ACTIVE_COMPILATION_CONDITIONS = DEBUG;
				SWIFT_OPTIMIZATION_LEVEL = "-Onone";
			};
			name = Debug;
		};
		1B605FAE25AF6A43004FD219 /* Release */ = {
			isa = XCBuildConfiguration;
			buildSettings = {
				ALWAYS_SEARCH_USER_PATHS = NO;
				CLANG_ANALYZER_NONNULL = YES;
				CLANG_ANALYZER_NUMBER_OBJECT_CONVERSION = YES_AGGRESSIVE;
				CLANG_CXX_LANGUAGE_STANDARD = "gnu++14";
				CLANG_CXX_LIBRARY = "libc++";
				CLANG_ENABLE_MODULES = YES;
				CLANG_ENABLE_OBJC_ARC = YES;
				CLANG_ENABLE_OBJC_WEAK = YES;
				CLANG_WARN_BLOCK_CAPTURE_AUTORELEASING = YES;
				CLANG_WARN_BOOL_CONVERSION = YES;
				CLANG_WARN_COMMA = YES;
				CLANG_WARN_CONSTANT_CONVERSION = YES;
				CLANG_WARN_DEPRECATED_OBJC_IMPLEMENTATIONS = YES;
				CLANG_WARN_DIRECT_OBJC_ISA_USAGE = YES_ERROR;
				CLANG_WARN_DOCUMENTATION_COMMENTS = YES;
				CLANG_WARN_EMPTY_BODY = YES;
				CLANG_WARN_ENUM_CONVERSION = YES;
				CLANG_WARN_INFINITE_RECURSION = YES;
				CLANG_WARN_INT_CONVERSION = YES;
				CLANG_WARN_NON_LITERAL_NULL_CONVERSION = YES;
				CLANG_WARN_OBJC_IMPLICIT_RETAIN_SELF = YES;
				CLANG_WARN_OBJC_LITERAL_CONVERSION = YES;
				CLANG_WARN_OBJC_ROOT_CLASS = YES_ERROR;
				CLANG_WARN_QUOTED_INCLUDE_IN_FRAMEWORK_HEADER = YES;
				CLANG_WARN_RANGE_LOOP_ANALYSIS = YES;
				CLANG_WARN_STRICT_PROTOTYPES = YES;
				CLANG_WARN_SUSPICIOUS_MOVE = YES;
				CLANG_WARN_UNGUARDED_AVAILABILITY = YES_AGGRESSIVE;
				CLANG_WARN_UNREACHABLE_CODE = YES;
				CLANG_WARN__DUPLICATE_METHOD_MATCH = YES;
				COPY_PHASE_STRIP = NO;
				DEBUG_INFORMATION_FORMAT = "dwarf-with-dsym";
				ENABLE_NS_ASSERTIONS = NO;
				ENABLE_STRICT_OBJC_MSGSEND = YES;
				GCC_C_LANGUAGE_STANDARD = gnu11;
				GCC_NO_COMMON_BLOCKS = YES;
				GCC_WARN_64_TO_32_BIT_CONVERSION = YES;
				GCC_WARN_ABOUT_RETURN_TYPE = YES_ERROR;
				GCC_WARN_UNDECLARED_SELECTOR = YES;
				GCC_WARN_UNINITIALIZED_AUTOS = YES_AGGRESSIVE;
				GCC_WARN_UNUSED_FUNCTION = YES;
				GCC_WARN_UNUSED_VARIABLE = YES;
				IPHONEOS_DEPLOYMENT_TARGET = 14.3;
				MTL_ENABLE_DEBUG_INFO = NO;
				MTL_FAST_MATH = YES;
				SDKROOT = iphoneos;
				SWIFT_COMPILATION_MODE = wholemodule;
				SWIFT_OPTIMIZATION_LEVEL = "-O";
				VALIDATE_PRODUCT = YES;
			};
			name = Release;
		};
		1B605FB025AF6A43004FD219 /* Debug */ = {
			isa = XCBuildConfiguration;
			buildSettings = {
				ASSETCATALOG_COMPILER_APPICON_NAME = AppIcon;
				ASSETCATALOG_COMPILER_GLOBAL_ACCENT_COLOR_NAME = AccentColor;
				CODE_SIGN_STYLE = Automatic;
				DEVELOPMENT_ASSET_PATHS = "\"tutorial-app/Preview Content\"";
				ENABLE_PREVIEWS = YES;
				INFOPLIST_FILE = "tutorial-app/Info.plist";
				IPHONEOS_DEPLOYMENT_TARGET = 14.0;
				LD_RUNPATH_SEARCH_PATHS = (
					"$(inherited)",
					"@executable_path/Frameworks",
				);
				PRODUCT_BUNDLE_IDENTIFIER = "AJ-DIaz.tutorial-app";
				PRODUCT_NAME = "$(TARGET_NAME)";
				SWIFT_VERSION = 5.0;
				TARGETED_DEVICE_FAMILY = "1,2";
			};
			name = Debug;
		};
		1B605FB125AF6A43004FD219 /* Release */ = {
			isa = XCBuildConfiguration;
			buildSettings = {
				ASSETCATALOG_COMPILER_APPICON_NAME = AppIcon;
				ASSETCATALOG_COMPILER_GLOBAL_ACCENT_COLOR_NAME = AccentColor;
				CODE_SIGN_STYLE = Automatic;
				DEVELOPMENT_ASSET_PATHS = "\"tutorial-app/Preview Content\"";
				ENABLE_PREVIEWS = YES;
				INFOPLIST_FILE = "tutorial-app/Info.plist";
				IPHONEOS_DEPLOYMENT_TARGET = 14.0;
				LD_RUNPATH_SEARCH_PATHS = (
					"$(inherited)",
					"@executable_path/Frameworks",
				);
				PRODUCT_BUNDLE_IDENTIFIER = "AJ-DIaz.tutorial-app";
				PRODUCT_NAME = "$(TARGET_NAME)";
				SWIFT_VERSION = 5.0;
				TARGETED_DEVICE_FAMILY = "1,2";
			};
			name = Release;
		};
		1B605FB325AF6A43004FD219 /* Debug */ = {
			isa = XCBuildConfiguration;
			buildSettings = {
				ALWAYS_EMBED_SWIFT_STANDARD_LIBRARIES = YES;
				BUNDLE_LOADER = "$(TEST_HOST)";
				CODE_SIGN_STYLE = Automatic;
				INFOPLIST_FILE = "tutorial-appTests/Info.plist";
				IPHONEOS_DEPLOYMENT_TARGET = 14.0;
				LD_RUNPATH_SEARCH_PATHS = (
					"$(inherited)",
					"@executable_path/Frameworks",
					"@loader_path/Frameworks",
				);
				PRODUCT_BUNDLE_IDENTIFIER = "AJ-DIaz.tutorial-appTests";
				PRODUCT_NAME = "$(TARGET_NAME)";
				SWIFT_VERSION = 5.0;
				TARGETED_DEVICE_FAMILY = "1,2";
				TEST_HOST = "$(BUILT_PRODUCTS_DIR)/tutorial-app.app/tutorial-app";
			};
			name = Debug;
		};
		1B605FB425AF6A43004FD219 /* Release */ = {
			isa = XCBuildConfiguration;
			buildSettings = {
				ALWAYS_EMBED_SWIFT_STANDARD_LIBRARIES = YES;
				BUNDLE_LOADER = "$(TEST_HOST)";
				CODE_SIGN_STYLE = Automatic;
				INFOPLIST_FILE = "tutorial-appTests/Info.plist";
				IPHONEOS_DEPLOYMENT_TARGET = 14.0;
				LD_RUNPATH_SEARCH_PATHS = (
					"$(inherited)",
					"@executable_path/Frameworks",
					"@loader_path/Frameworks",
				);
				PRODUCT_BUNDLE_IDENTIFIER = "AJ-DIaz.tutorial-appTests";
				PRODUCT_NAME = "$(TARGET_NAME)";
				SWIFT_VERSION = 5.0;
				TARGETED_DEVICE_FAMILY = "1,2";
				TEST_HOST = "$(BUILT_PRODUCTS_DIR)/tutorial-app.app/tutorial-app";
			};
			name = Release;
		};
		1B605FB625AF6A43004FD219 /* Debug */ = {
			isa = XCBuildConfiguration;
			buildSettings = {
				ALWAYS_EMBED_SWIFT_STANDARD_LIBRARIES = YES;
				CODE_SIGN_STYLE = Automatic;
				INFOPLIST_FILE = "tutorial-appUITests/Info.plist";
				LD_RUNPATH_SEARCH_PATHS = (
					"$(inherited)",
					"@executable_path/Frameworks",
					"@loader_path/Frameworks",
				);
				PRODUCT_BUNDLE_IDENTIFIER = "AJ-DIaz.tutorial-appUITests";
				PRODUCT_NAME = "$(TARGET_NAME)";
				SWIFT_VERSION = 5.0;
				TARGETED_DEVICE_FAMILY = "1,2";
				TEST_TARGET_NAME = "tutorial-app";
			};
			name = Debug;
		};
		1B605FB725AF6A43004FD219 /* Release */ = {
			isa = XCBuildConfiguration;
			buildSettings = {
				ALWAYS_EMBED_SWIFT_STANDARD_LIBRARIES = YES;
				CODE_SIGN_STYLE = Automatic;
				INFOPLIST_FILE = "tutorial-appUITests/Info.plist";
				LD_RUNPATH_SEARCH_PATHS = (
					"$(inherited)",
					"@executable_path/Frameworks",
					"@loader_path/Frameworks",
				);
				PRODUCT_BUNDLE_IDENTIFIER = "AJ-DIaz.tutorial-appUITests";
				PRODUCT_NAME = "$(TARGET_NAME)";
				SWIFT_VERSION = 5.0;
				TARGETED_DEVICE_FAMILY = "1,2";
				TEST_TARGET_NAME = "tutorial-app";
			};
			name = Release;
		};
/* End XCBuildConfiguration section */

/* Begin XCConfigurationList section */
		1B605F8525AF6A40004FD219 /* Build configuration list for PBXProject "tutorial-app" */ = {
			isa = XCConfigurationList;
			buildConfigurations = (
				1B605FAD25AF6A43004FD219 /* Debug */,
				1B605FAE25AF6A43004FD219 /* Release */,
			);
			defaultConfigurationIsVisible = 0;
			defaultConfigurationName = Release;
		};
		1B605FAF25AF6A43004FD219 /* Build configuration list for PBXNativeTarget "tutorial-app" */ = {
			isa = XCConfigurationList;
			buildConfigurations = (
				1B605FB025AF6A43004FD219 /* Debug */,
				1B605FB125AF6A43004FD219 /* Release */,
			);
			defaultConfigurationIsVisible = 0;
			defaultConfigurationName = Release;
		};
		1B605FB225AF6A43004FD219 /* Build configuration list for PBXNativeTarget "tutorial-appTests" */ = {
			isa = XCConfigurationList;
			buildConfigurations = (
				1B605FB325AF6A43004FD219 /* Debug */,
				1B605FB425AF6A43004FD219 /* Release */,
			);
			defaultConfigurationIsVisible = 0;
			defaultConfigurationName = Release;
		};
		1B605FB525AF6A43004FD219 /* Build configuration list for PBXNativeTarget "tutorial-appUITests" */ = {
			isa = XCConfigurationList;
			buildConfigurations = (
				1B605FB625AF6A43004FD219 /* Debug */,
				1B605FB725AF6A43004FD219 /* Release */,
			);
			defaultConfigurationIsVisible = 0;
			defaultConfigurationName = Release;
		};
/* End XCConfigurationList section */
	};
	rootObject = 1B605F8225AF6A40004FD219 /* Project object */;
}
